<?xml version="1.0" encoding="utf-8"?>
<Project ToolsVersion="4.0" xmlns="http://schemas.microsoft.com/developer/msbuild/2003">
  <ItemGroup>
    <Filter Include="Source Files">
      <UniqueIdentifier>{4FC737F1-C7A5-4376-A066-2A32D752A2FF}</UniqueIdentifier>
      <Extensions>cpp;c;cc;cxx;def;odl;idl;hpj;bat;asm;asmx</Extensions>
    </Filter>
    <Filter Include="Static Objects">
      <UniqueIdentifier>{e794b551-3793-4f4a-aebb-17ec747e33c7}</UniqueIdentifier>
    </Filter>
    <Filter Include="Scenes">
      <UniqueIdentifier>{2ffae495-eb7a-4a81-a0c9-4e0070367dbb}</UniqueIdentifier>
    </Filter>
    <Filter Include="Game Framework">
      <UniqueIdentifier>{93995380-89BD-4b04-88EB-625FBE52EBFB}</UniqueIdentifier>
      <Extensions>h;hh;hpp;hxx;hm;inl;inc;xsd</Extensions>
    </Filter>
    <Filter Include="Simon">
      <UniqueIdentifier>{e35ab636-8023-44fc-81e2-13295484cedb}</UniqueIdentifier>
    </Filter>
    <Filter Include="Moving Objects">
      <UniqueIdentifier>{a78e94fa-ceb3-44eb-b45d-08287cc03ca9}</UniqueIdentifier>
    </Filter>
  </ItemGroup>
  <ItemGroup>
    <ClCompile Include="Ground.cpp">
      <Filter>Static Objects</Filter>
    </ClCompile>
    <ClCompile Include="Simon.cpp">
      <Filter>Simon</Filter>
    </ClCompile>
    <ClCompile Include="Grid.cpp">
      <Filter>Scenes</Filter>
    </ClCompile>
    <ClCompile Include="TileMap.cpp">
      <Filter>Scenes</Filter>
    </ClCompile>
    <ClCompile Include="Debug.cpp">
      <Filter>Game Framework</Filter>
    </ClCompile>
    <ClCompile Include="Game.cpp">
      <Filter>Game Framework</Filter>
    </ClCompile>
    <ClCompile Include="GameObject.cpp">
      <Filter>Game Framework</Filter>
    </ClCompile>
    <ClCompile Include="Sprites.cpp">
      <Filter>Game Framework</Filter>
    </ClCompile>
    <ClCompile Include="Textures.cpp">
      <Filter>Game Framework</Filter>
    </ClCompile>
    <ClCompile Include="main.cpp">
      <Filter>Source Files</Filter>
    </ClCompile>
    <ClCompile Include="Input.cpp">
      <Filter>Game Framework</Filter>
    </ClCompile>
    <ClCompile Include="Scenes.cpp">
      <Filter>Scenes</Filter>
    </ClCompile>
    <ClCompile Include="Candle.cpp">
      <Filter>Static Objects</Filter>
    </ClCompile>
    <ClCompile Include="Whip.cpp">
      <Filter>Simon</Filter>
    </ClCompile>
    <ClCompile Include="Weapons.cpp">
      <Filter>Simon</Filter>
    </ClCompile>
    <ClCompile Include="items.cpp">
      <Filter>Moving Objects</Filter>
    </ClCompile>
    <ClCompile Include="NextSceneObject.cpp">
      <Filter>Static Objects</Filter>
    </ClCompile>
    <ClCompile Include="Door.cpp">
      <Filter>Static Objects</Filter>
    </ClCompile>
    <ClCompile Include="Stair.cpp">
      <Filter>Static Objects</Filter>
    </ClCompile>
    <ClCompile Include="Enemy.cpp">
      <Filter>Moving Objects</Filter>
    </ClCompile>
    <ClCompile Include="Zombie.cpp">
      <Filter>Moving Objects</Filter>
    </ClCompile>
    <ClCompile Include="BlackLeopard.cpp">
      <Filter>Moving Objects</Filter>
    </ClCompile>
    <ClCompile Include="Bat.cpp">
      <Filter>Moving Objects</Filter>
    </ClCompile>
  </ItemGroup>
  <ItemGroup>
    <ClInclude Include="Debug.h">
      <Filter>Game Framework</Filter>
    </ClInclude>
    <ClInclude Include="Game.h">
      <Filter>Game Framework</Filter>
    </ClInclude>
    <ClInclude Include="Sprites.h">
      <Filter>Game Framework</Filter>
    </ClInclude>
    <ClInclude Include="Textures.h">
      <Filter>Game Framework</Filter>
    </ClInclude>
    <ClInclude Include="GameObject.h">
      <Filter>Game Framework</Filter>
    </ClInclude>
    <ClInclude Include="Ground.h">
      <Filter>Static Objects</Filter>
    </ClInclude>
    <ClInclude Include="Simon.h">
      <Filter>Simon</Filter>
    </ClInclude>
    <ClInclude Include="Grid.h">
      <Filter>Scenes</Filter>
    </ClInclude>
    <ClInclude Include="Define.h">
      <Filter>Game Framework</Filter>
    </ClInclude>
    <ClInclude Include="TileMap.h">
      <Filter>Scenes</Filter>
    </ClInclude>
    <ClInclude Include="Input.h">
      <Filter>Game Framework</Filter>
    </ClInclude>
    <ClInclude Include="Scenes.h">
      <Filter>Scenes</Filter>
    </ClInclude>
    <ClInclude Include="Candle.h">
      <Filter>Static Objects</Filter>
    </ClInclude>
    <ClInclude Include="Whip.h">
      <Filter>Simon</Filter>
    </ClInclude>
    <ClInclude Include="Weapons.h">
      <Filter>Simon</Filter>
    </ClInclude>
    <ClInclude Include="items.h">
      <Filter>Moving Objects</Filter>
    </ClInclude>
    <ClInclude Include="Timer.h">
      <Filter>Game Framework</Filter>
    </ClInclude>
    <ClInclude Include="NextSceneObject.h">
      <Filter>Static Objects</Filter>
    </ClInclude>
    <ClInclude Include="Door.h">
      <Filter>Static Objects</Filter>
    </ClInclude>
    <ClInclude Include="Stair.h">
      <Filter>Static Objects</Filter>
    </ClInclude>
    <ClInclude Include="Enemy.h">
      <Filter>Moving Objects</Filter>
    </ClInclude>
    <ClInclude Include="Zombie.h">
      <Filter>Moving Objects</Filter>
    </ClInclude>
    <ClInclude Include="BlackLeopard.h">
      <Filter>Moving Objects</Filter>
    </ClInclude>
    <ClInclude Include="Bat.h">
      <Filter>Moving Objects</Filter>
    </ClInclude>
  </ItemGroup>
</Project>